
Microsoft Visual Studio Solution File, Format Version 12.00
# Visual Studio Version 16
VisualStudioVersion = 16.0.32126.315
MinimumVisualStudioVersion = 10.0.40219.1
Project("{FAE04EC0-301F-11D3-BF4B-00C04F79EFBC}") = "WebApplication1", "WebApplication1\WebApplication1.csproj", "{234C039F-566B-4A8F-962D-DA2345B91A42}"
EndProject
Global
	GlobalSection(SolutionConfigurationPlatforms) = preSolution
		Debug|Any CPU = Debug|Any CPU
		Release|Any CPU = Release|Any CPU
	EndGlobalSection
	GlobalSection(ProjectConfigurationPlatforms) = postSolution
		{234C039F-566B-4A8F-962D-DA2345B91A42}.Debug|Any CPU.ActiveCfg = Debug|Any CPU
		{234C039F-566B-4A8F-962D-DA2345B91A42}.Debug|Any CPU.Build.0 = Debug|Any CPU
		{234C039F-566B-4A8F-962D-DA2345B91A42}.Release|Any CPU.ActiveCfg = Release|Any CPU
		{234C039F-566B-4A8F-962D-DA2345B91A42}.Release|Any CPU.Build.0 = Release|Any CPU
	EndGlobalSection
	GlobalSection(SolutionProperties) = preSolution
		HideSolutionNode = FALSE
	EndGlobalSection
	GlobalSection(ExtensibilityGlobals) = postSolution
		SolutionGuid = {B290EC58-F282-4662-9A7D-2AE74A212B39}
	EndGlobalSection
EndGlobal
